# THIS IS AN AUTOGENERATED FILE. DO NOT EDIT THIS FILE DIRECTLY.
# yarn lockfile v1


"@babel/runtime@^7.12.1":
  version "7.14.6"
  resolved "https://registry.yarnpkg.com/@babel/runtime/-/runtime-7.14.6.tgz#535203bc0892efc7dec60bdc27b2ecf6e409062d"
  integrity sha512-/PCB2uJ7oM44tz8YhC4Z/6PeOKXp4K588f+5M3clr1M4zbqztlo0XEfJ2LEzj/FgwfgGcIdl8n7YYjTCI0BYwg==
  dependencies:
    regenerator-runtime "^0.13.4"

"@devexpress/utils@1.3":
  version "1.3.5"
  resolved "https://registry.yarnpkg.com/@devexpress/utils/-/utils-1.3.5.tgz#01aeac823209d4980faf928421343791beeb09ee"
  integrity sha512-Zf7hP/cp+OUyeARsRTIMLqw4QWREn1uuPHjZLof4wvTHAxuvOUNnsbQzs5+qLX32lups5t9BGY4nWrvGcTAgKQ==
  dependencies:
    tslib "2.0.1"

"@devexpress/utils@1.3.2":
  version "1.3.2"
  resolved "https://registry.yarnpkg.com/@devexpress/utils/-/utils-1.3.2.tgz#2464d1ec5bba7ccc373a3212e8a30d28be855763"
  integrity sha512-Ii7hpz6ItNMLKz23qQOlHom/k0e1TSnIQKCwZlKuYBwpIEBX5I/PQxvAwbdBnu5EZZSkdjnhzxl6luhl/k4LdA==
  dependencies:
    tslib "2.0.1"

"@devextreme/vdom@1.2.2":
  version "1.2.2"
  resolved "https://registry.yarnpkg.com/@devextreme/vdom/-/vdom-1.2.2.tgz#326b2fe3aa3ce9df13a068ac310e851a0f46bd8f"
  integrity sha512-e8WCJ9u/5cZ2onWzWwVFhRKjbO5EmQaZBNLwWrbZwpKKLHmXEwC5lOJtQ6onDXPAhDfZDX8jDin9G+DDX4SSbg==
  dependencies:
    inferno "^7.4.6"
    inferno-compat "^7.4.6"
    inferno-create-element "^7.4.6"
    inferno-hydrate "^7.4.6"

ansi-regex@^4.1.0:
  version "4.1.0"
  resolved "https://registry.yarnpkg.com/ansi-regex/-/ansi-regex-4.1.0.tgz#8b9f8f08cf1acb843756a839ca8c7e3168c51997"
  integrity sha512-1apePfXM1UOSqw0o9IiFAovVz9M5S1Dg+4TrDwfMewQ6p/rmMueb7tWZjQ1rx4Loy1ArBggoqGpfqqdI4rondg==

ansi-styles@^3.2.0:
  version "3.2.1"
  resolved "https://registry.yarnpkg.com/ansi-styles/-/ansi-styles-3.2.1.tgz#41fbb20243e50b12be0f04b8dedbf07520ce841d"
  integrity sha512-VT0ZI6kZRdTh8YyJw3SMbYm/u+NqfsAxEpWO0Pf9sq8/e94WxxOpPKx9FR1FlyCtOVDNOQ+8ntlqFxiRc+r5qA==
  dependencies:
    color-convert "^1.9.0"

camelcase@^5.0.0:
  version "5.3.1"
  resolved "https://registry.yarnpkg.com/camelcase/-/camelcase-5.3.1.tgz#e3c9b31569e106811df242f715725a1f4c494320"
  integrity sha512-L28STB170nwWS63UjtlEOE3dldQApaJXZkOI1uMFfzf3rRuPegHaHesyee+YxQ+W6SvRDQV6UrdOdRiR153wJg==

cliui@^5.0.0:
  version "5.0.0"
  resolved "https://registry.yarnpkg.com/cliui/-/cliui-5.0.0.tgz#deefcfdb2e800784aa34f46fa08e06851c7bbbc5"
  integrity sha512-PYeGSEmmHM6zvoef2w8TPzlrnNpXIjTipYK780YswmIP9vjxmd6Y2a3CB2Ks6/AU8NHjZugXvo8w3oWM2qnwXA==
  dependencies:
    string-width "^3.1.0"
    strip-ansi "^5.2.0"
    wrap-ansi "^5.1.0"

color-convert@^1.9.0:
  version "1.9.3"
  resolved "https://registry.yarnpkg.com/color-convert/-/color-convert-1.9.3.tgz#bb71850690e1f136567de629d2d5471deda4c1e8"
  integrity sha512-QfAUtd+vFdAtFQcC8CCyYt1fYWxSqAiK2cSD6zDB8N3cpsEBAvRxp9zOGg6G/SHHJYAT88/az/IuDGALsNVbGg==
  dependencies:
    color-name "1.1.3"

color-name@1.1.3:
  version "1.1.3"
  resolved "https://registry.yarnpkg.com/color-name/-/color-name-1.1.3.tgz#a7d0558bd89c42f795dd42328f740831ca53bc25"
  integrity sha1-p9BVi9icQveV3UIyj3QIMcpTvCU=

core-js@^3.6.5:
  version "3.15.2"
  resolved "https://registry.yarnpkg.com/core-js/-/core-js-3.15.2.tgz#740660d2ff55ef34ce664d7e2455119c5bdd3d61"
  integrity sha512-tKs41J7NJVuaya8DxIOCnl8QuPHx5/ZVbFo1oKgVl1qHFBBrDctzQGtuLjPpRdNTWmKPH6oEvgN/MUID+l485Q==

core-util-is@~1.0.0:
  version "1.0.2"
  resolved "https://registry.yarnpkg.com/core-util-is/-/core-util-is-1.0.2.tgz#b5fd54220aa2bc5ab57aab7140c940754503c1a7"
  integrity sha1-tf1UIgqivFq1eqtxQMlAdUUDwac=

decamelize@^1.2.0:
  version "1.2.0"
  resolved "https://registry.yarnpkg.com/decamelize/-/decamelize-1.2.0.tgz#f6534d15148269b20352e7bee26f501f9a191290"
  integrity sha1-9lNNFRSCabIDUue+4m9QH5oZEpA=

devexpress-diagram@2.1.19:
  version "2.1.19"
  resolved "https://registry.yarnpkg.com/devexpress-diagram/-/devexpress-diagram-2.1.19.tgz#e5ad4383f242df1fec1e1f46d972e9e33422823b"
  integrity sha512-DGHynquG0O+5cEOKUry5hqO6sczwn18Q+7zW3iyfBHELNctzL1/cg5qReyd4HkJj41Sht2r0s/4/rydkn2xD6A==
  dependencies:
    "@devexpress/utils" "1.3"
    es6-object-assign "^1.1.0"

devexpress-gantt@2.1.42:
  version "2.1.42"
  resolved "https://registry.yarnpkg.com/devexpress-gantt/-/devexpress-gantt-2.1.42.tgz#176b38935c7955bd7156223709280531a739893d"
  integrity sha512-8g2qoXU/vpzSb4zaakuBy3qn2hlAMK4NHx+9JMWmmyl187jlaIC8p2PNVnMcL0kIhdQpXy2J2p7sVvE9uWjocw==
  dependencies:
    "@devexpress/utils" "1.3.2"
    tslib "2.1.0"

devextreme-quill@~1.1.2:
  version "1.1.4"
  resolved "https://registry.yarnpkg.com/devextreme-quill/-/devextreme-quill-1.1.4.tgz#95bf63a4c3dc58427a2244717fdb545c0575b1bf"
  integrity sha512-/hgp8VzEoaabZNeq/xBx2ELuJkqy4SSlKb/tm8hpasDjOxoiHETawVlUna5iZ7Qyl+FoamhPWbJYpe4ALmydfQ==
  dependencies:
    core-js "^3.6.5"
    eventemitter3 "^4.0.0"
    lodash.clonedeep "^4.5.0"
    lodash.isequal "^4.5.0"
    lodash.merge "^4.5.0"
    parchment "2.0.0-dev.2"
    quill-delta "4.2.2"

devextreme@^21.1.4:
  version "21.1.4"
  resolved "https://registry.yarnpkg.com/devextreme/-/devextreme-21.1.4.tgz#c6d9ce154054cadf4227a154c8a5d28c25aca9c8"
  integrity sha512-9KamQC25CAsaZ17ywNJfsRfYiYDjZncYYgno1TQ0uSowXfq4xM3vIv/xENnXJ9Gmjx1ECvpqe1H6iUwTzLBcMQ==
  dependencies:
    "@babel/runtime" "^7.12.1"
    "@devextreme/vdom" "1.2.2"
    devexpress-diagram "2.1.19"
    devexpress-gantt "2.1.42"
    devextreme-quill "~1.1.2"
    inferno "^7.4.6"
    inferno-compat "^7.4.6"
    inferno-create-element "^7.4.6"
    inferno-hydrate "^7.4.6"
    jszip "^2.0.0 || ^3.0.0"
    rrule "2.6.6"
    showdown "^1.9.1"
    turndown "^7.0.0"

domino@^2.1.6:
  version "2.1.6"
  resolved "https://registry.yarnpkg.com/domino/-/domino-2.1.6.tgz#fe4ace4310526e5e7b9d12c7de01b7f485a57ffe"
  integrity sha512-3VdM/SXBZX2omc9JF9nOPCtDaYQ67BGp5CoLpIQlO2KCAPETs8TcDHacF26jXadGbvUteZzRTeos2fhID5+ucQ==

emoji-regex@^7.0.1:
  version "7.0.3"
  resolved "https://registry.yarnpkg.com/emoji-regex/-/emoji-regex-7.0.3.tgz#933a04052860c85e83c122479c4748a8e4c72156"
  integrity sha512-CwBLREIQ7LvYFB0WyRvwhq5N5qPhc6PMjD6bYggFlI5YyDgl+0vxq5VHbMOFqLg7hfWzmu8T5Z1QofhmTIhItA==

es6-object-assign@^1.1.0:
  version "1.1.0"
  resolved "https://registry.yarnpkg.com/es6-object-assign/-/es6-object-assign-1.1.0.tgz#c2c3582656247c39ea107cb1e6652b6f9f24523c"
  integrity sha1-wsNYJlYkfDnqEHyx5mUrb58kUjw=

eventemitter3@^4.0.0:
  version "4.0.7"
  resolved "https://registry.yarnpkg.com/eventemitter3/-/eventemitter3-4.0.7.tgz#2de9b68f6528d5644ef5c59526a1b4a07306169f"
  integrity sha512-8guHBZCwKnFhYdHr2ysuRWErTwhoN2X8XELRlrRwpmfeY2jjuUN4taQMsULKUVo1K4DvZl+0pgfyoysHxvmvEw==

fast-diff@1.2.0:
  version "1.2.0"
  resolved "https://registry.yarnpkg.com/fast-diff/-/fast-diff-1.2.0.tgz#73ee11982d86caaf7959828d519cfe927fac5f03"
  integrity sha512-xJuoT5+L99XlZ8twedaRf6Ax2TgQVxvgZOYoPKqZufmJib0tL2tegPBOZb1pVNgIhlqDlA0eO0c3wBvQcmzx4w==

find-up@^3.0.0:
  version "3.0.0"
  resolved "https://registry.yarnpkg.com/find-up/-/find-up-3.0.0.tgz#49169f1d7993430646da61ecc5ae355c21c97b73"
  integrity sha512-1yD6RmLI1XBfxugvORwlck6f75tYL+iR0jqwsOrOxMZyGYqUuDhJ0l4AXdO1iX/FTs9cBAMEk1gWSEx1kSbylg==
  dependencies:
    locate-path "^3.0.0"

get-caller-file@^2.0.1:
  version "2.0.5"
  resolved "https://registry.yarnpkg.com/get-caller-file/-/get-caller-file-2.0.5.tgz#4f94412a82db32f36e3b0b9741f8a97feb031f7e"
  integrity sha512-DyFP3BM/3YHTQOCUL/w0OZHR0lpKeGrxotcHWcqNEdnltqFwXVfhEBQ94eIo34AfQpo0rGki4cyIiftY06h2Fg==

immediate@~3.0.5:
  version "3.0.6"
  resolved "https://registry.yarnpkg.com/immediate/-/immediate-3.0.6.tgz#9db1dbd0faf8de6fbe0f5dd5e56bb606280de69b"
  integrity sha1-nbHb0Pr43m++D13V5Wu2BigN5ps=

inferno-clone-vnode@7.4.8:
  version "7.4.8"
  resolved "https://registry.yarnpkg.com/inferno-clone-vnode/-/inferno-clone-vnode-7.4.8.tgz#fafdb21f86e566f662da7e58ff9be1fc76baff08"
  integrity sha512-Un9Saio4TJ+1DFehPd7JuNDJV2Fy2aPhK5hD4zmG+JWLUIphi/nuhbwrlsCNmTTDmOsB7GrqyrXFvOUEKX4YpA==
  dependencies:
    inferno "7.4.8"

inferno-compat@^7.4.6:
  version "7.4.8"
  resolved "https://registry.yarnpkg.com/inferno-compat/-/inferno-compat-7.4.8.tgz#9a631b1228832ef802a67caec72f4517f5bf28db"
  integrity sha512-3oDoqUzWOTXw8UXwbXGyJ1VInIX/KNIH4Qq88tygbDINzKLSxQaWZDWDfn/AJK52DeG64g3v8uU+XFpLr2lqzg==
  dependencies:
    inferno "7.4.8"
    inferno-clone-vnode "7.4.8"
    inferno-create-class "7.4.8"
    inferno-create-element "7.4.8"
    inferno-extras "7.4.8"

inferno-create-class@7.4.8:
  version "7.4.8"
  resolved "https://registry.yarnpkg.com/inferno-create-class/-/inferno-create-class-7.4.8.tgz#80ee55379a33c8a2fb647ba30f6f5d8b571cc692"
  integrity sha512-XY7LcSpfLTug+M/lz/F9XSmhmYjxhJ40xJtetIK1h81aaSvqqFAG3wuBCHqcIW0jlwPJRch8/gDxq6SB3gHCKQ==
  dependencies:
    inferno "7.4.8"

inferno-create-element@7.4.8, inferno-create-element@^7.4.6:
  version "7.4.8"
  resolved "https://registry.yarnpkg.com/inferno-create-element/-/inferno-create-element-7.4.8.tgz#77bbf24288645c359cf65b4821a3938c6537eb5e"
  integrity sha512-hCkA+RAiqoeWlmmCrb3VIUDV+4lEeLDCI98RcB4HqzAJwjH8dMR4ZeDQO3f9crygPnmSW7r1L0Ykjf0O2oHYFQ==
  dependencies:
    inferno "7.4.8"

inferno-extras@7.4.8:
  version "7.4.8"
  resolved "https://registry.yarnpkg.com/inferno-extras/-/inferno-extras-7.4.8.tgz#36ad59d5dd68a2f5963569aa8bb1b2d78750a305"
  integrity sha512-GEGnOECDfNLWa0g4uI35eDrknHgiXZzaB7GPucm/Gvb+QI7BMR+A9fhloqKT9DZ+9HX6C4z7gQirmUK74V1P3w==
  dependencies:
    inferno "7.4.8"

inferno-hydrate@^7.4.6:
  version "7.4.8"
  resolved "https://registry.yarnpkg.com/inferno-hydrate/-/inferno-hydrate-7.4.8.tgz#0d61679db68d0c7ceb42d1c4dff2fa07f14af389"
  integrity sha512-7dBtyPt3BmN6e4erTgtf/BtZ97StA8QFlHYEZzV7JNcIcFHwKVwISLT0zE04ZHghPrhQS0ssRm8j6T7Fdevc1A==
  dependencies:
    inferno "7.4.8"

inferno-shared@7.4.8:
  version "7.4.8"
  resolved "https://registry.yarnpkg.com/inferno-shared/-/inferno-shared-7.4.8.tgz#2b554a36683b770339008749096d9704846dd337"
  integrity sha512-I0jnqsBcQvGJ7hqZF3vEzspQ80evViCe8joP3snWkPXPElk9WBVGLBHX5tHwuFuXv6wW4zeVVA4kBRAs47B+NQ==

inferno-vnode-flags@7.4.8:
  version "7.4.8"
  resolved "https://registry.yarnpkg.com/inferno-vnode-flags/-/inferno-vnode-flags-7.4.8.tgz#275d70e3c8b2b3f4eb56041cc9b8c832ce1fb26d"
  integrity sha512-wOUeO7Aho8VH+s2V2K/53KwS0DtQFgT7TdzPE/s6P26ZIxQj+vt7oTJqzXn+xjRIjnfkTLm2eQ8qfInOWCu1rw==

inferno@7.4.8, inferno@^7.4.6:
  version "7.4.8"
  resolved "https://registry.yarnpkg.com/inferno/-/inferno-7.4.8.tgz#0d5504753e79903b0e4bbeff76fc11fd0b9ffe92"
  integrity sha512-4XwGe5Kd0QkSaM/jqAQWjM0GfDLv+KujcWm5zbIow80G1tOEnZurQqhyF8u6m/HX3SnrCi+njlVdtPKDJXQiDw==
  dependencies:
    inferno-shared "7.4.8"
    inferno-vnode-flags "7.4.8"
    opencollective-postinstall "^2.0.3"

inherits@~2.0.3:
  version "2.0.4"
  resolved "https://registry.yarnpkg.com/inherits/-/inherits-2.0.4.tgz#0fa2c64f932917c3433a0ded55363aae37416b7c"
  integrity sha512-k/vGaX4/Yla3WzyMCvTQOXYeIHvqOKtnqBduzTHpzpQZzAskKMhZ2K+EnBiSM9zGSoIFeMpXKxa4dYeZIQqewQ==

is-fullwidth-code-point@^2.0.0:
  version "2.0.0"
  resolved "https://registry.yarnpkg.com/is-fullwidth-code-point/-/is-fullwidth-code-point-2.0.0.tgz#a3b30a5c4f199183167aaab93beefae3ddfb654f"
  integrity sha1-o7MKXE8ZkYMWeqq5O+764937ZU8=

isarray@~1.0.0:
  version "1.0.0"
  resolved "https://registry.yarnpkg.com/isarray/-/isarray-1.0.0.tgz#bb935d48582cba168c06834957a54a3e07124f11"
  integrity sha1-u5NdSFgsuhaMBoNJV6VKPgcSTxE=

"jszip@^2.0.0 || ^3.0.0":
  version "3.6.0"
  resolved "https://registry.yarnpkg.com/jszip/-/jszip-3.6.0.tgz#839b72812e3f97819cc13ac4134ffced95dd6af9"
  integrity sha512-jgnQoG9LKnWO3mnVNBnfhkh0QknICd1FGSrXcgrl67zioyJ4wgx25o9ZqwNtrROSflGBCGYnJfjrIyRIby1OoQ==
  dependencies:
    lie "~3.3.0"
    pako "~1.0.2"
    readable-stream "~2.3.6"
    set-immediate-shim "~1.0.1"

lie@~3.3.0:
  version "3.3.0"
  resolved "https://registry.yarnpkg.com/lie/-/lie-3.3.0.tgz#dcf82dee545f46074daf200c7c1c5a08e0f40f6a"
  integrity sha512-UaiMJzeWRlEujzAuw5LokY1L5ecNQYZKfmyZ9L7wDHb/p5etKaxXhohBcrw0EYby+G/NA52vRSN4N39dxHAIwQ==
  dependencies:
    immediate "~3.0.5"

locate-path@^3.0.0:
  version "3.0.0"
  resolved "https://registry.yarnpkg.com/locate-path/-/locate-path-3.0.0.tgz#dbec3b3ab759758071b58fe59fc41871af21400e"
  integrity sha512-7AO748wWnIhNqAuaty2ZWHkQHRSNfPVIsPIfwEOWO22AmaoVrWavlOcMR5nzTLNYvp36X220/maaRsrec1G65A==
  dependencies:
    p-locate "^3.0.0"
    path-exists "^3.0.0"

lodash.clonedeep@^4.5.0:
  version "4.5.0"
  resolved "https://registry.yarnpkg.com/lodash.clonedeep/-/lodash.clonedeep-4.5.0.tgz#e23f3f9c4f8fbdde872529c1071857a086e5ccef"
  integrity sha1-4j8/nE+Pvd6HJSnBBxhXoIblzO8=

lodash.isequal@^4.5.0:
  version "4.5.0"
  resolved "https://registry.yarnpkg.com/lodash.isequal/-/lodash.isequal-4.5.0.tgz#415c4478f2bcc30120c22ce10ed3226f7d3e18e0"
  integrity sha1-QVxEePK8wwEgwizhDtMib30+GOA=

lodash.merge@^4.5.0:
  version "4.6.2"
  resolved "https://registry.yarnpkg.com/lodash.merge/-/lodash.merge-4.6.2.tgz#558aa53b43b661e1925a0afdfa36a9a1085fe57a"
  integrity sha512-0KpjqXRVvrYyCsX1swR/XTK0va6VQkQM6MNo7PqW77ByjAhoARA8EfrP1N4+KlKj8YS0ZUCtRT/YUuhyYDujIQ==

luxon@^1.21.3:
  version "1.27.0"
  resolved "https://registry.yarnpkg.com/luxon/-/luxon-1.27.0.tgz#ae10c69113d85dab8f15f5e8390d0cbeddf4f00f"
  integrity sha512-VKsFsPggTA0DvnxtJdiExAucKdAnwbCCNlMM5ENvHlxubqWd0xhZcdb4XgZ7QFNhaRhilXCFxHuoObP5BNA4PA==

opencollective-postinstall@^2.0.3:
  version "2.0.3"
  resolved "https://registry.yarnpkg.com/opencollective-postinstall/-/opencollective-postinstall-2.0.3.tgz#7a0fff978f6dbfa4d006238fbac98ed4198c3259"
  integrity sha512-8AV/sCtuzUeTo8gQK5qDZzARrulB3egtLzFgteqB2tcT4Mw7B8Kt7JcDHmltjz6FOAHsvTevk70gZEbhM4ZS9Q==

p-limit@^2.0.0:
  version "2.3.0"
  resolved "https://registry.yarnpkg.com/p-limit/-/p-limit-2.3.0.tgz#3dd33c647a214fdfffd835933eb086da0dc21db1"
  integrity sha512-//88mFWSJx8lxCzwdAABTJL2MyWB12+eIY7MDL2SqLmAkeKU9qxRvWuSyTjm3FUmpBEMuFfckAIqEaVGUDxb6w==
  dependencies:
    p-try "^2.0.0"

p-locate@^3.0.0:
  version "3.0.0"
  resolved "https://registry.yarnpkg.com/p-locate/-/p-locate-3.0.0.tgz#322d69a05c0264b25997d9f40cd8a891ab0064a4"
  integrity sha512-x+12w/To+4GFfgJhBEpiDcLozRJGegY+Ei7/z0tSLkMmxGZNybVMSfWj9aJn8Z5Fc7dBUNJOOVgPv2H7IwulSQ==
  dependencies:
    p-limit "^2.0.0"

p-try@^2.0.0:
  version "2.2.0"
  resolved "https://registry.yarnpkg.com/p-try/-/p-try-2.2.0.tgz#cb2868540e313d61de58fafbe35ce9004d5540e6"
  integrity sha512-R4nPAVTAU0B9D35/Gk3uJf/7XYbQcyohSKdvAxIRSNghFl4e71hVoGnBNQz9cWaXxO2I10KTC+3jMdvvoKw6dQ==

pako@~1.0.2:
  version "1.0.11"
  resolved "https://registry.yarnpkg.com/pako/-/pako-1.0.11.tgz#6c9599d340d54dfd3946380252a35705a6b992bf"
  integrity sha512-4hLB8Py4zZce5s4yd9XzopqwVv/yGNhV1Bl8NTmCq1763HeK2+EwVTv+leGeL13Dnh2wfbqowVPXCIO0z4taYw==

parchment@2.0.0-dev.2:
  version "2.0.0-dev.2"
  resolved "https://registry.yarnpkg.com/parchment/-/parchment-2.0.0-dev.2.tgz#9d6fe57b3721317bd1c481ea38ffa9b287d496b8"
  integrity sha512-4fgRny4pPISoML08Zp7poi52Dff3E2G1ORTi2D/acJ/RiROdDAMDB6VcQNfBcmehrX5Wixp6dxh6JjLyE5yUNQ==

path-exists@^3.0.0:
  version "3.0.0"
  resolved "https://registry.yarnpkg.com/path-exists/-/path-exists-3.0.0.tgz#ce0ebeaa5f78cb18925ea7d810d7b59b010fd515"
  integrity sha1-zg6+ql94yxiSXqfYENe1mwEP1RU=

process-nextick-args@~2.0.0:
  version "2.0.1"
  resolved "https://registry.yarnpkg.com/process-nextick-args/-/process-nextick-args-2.0.1.tgz#7820d9b16120cc55ca9ae7792680ae7dba6d7fe2"
  integrity sha512-3ouUOpQhtgrbOa17J7+uxOTpITYWaGP7/AhoR3+A+/1e9skrzelGi/dXzEYyvbxubEF6Wn2ypscTKiKJFFn1ag==

quill-delta@4.2.2:
  version "4.2.2"
  resolved "https://registry.yarnpkg.com/quill-delta/-/quill-delta-4.2.2.tgz#015397d046e0a3bed087cd8a51f98c11a1b8f351"
  integrity sha512-qjbn82b/yJzOjstBgkhtBjN2TNK+ZHP/BgUQO+j6bRhWQQdmj2lH6hXG7+nwwLF41Xgn//7/83lxs9n2BkTtTg==
  dependencies:
    fast-diff "1.2.0"
    lodash.clonedeep "^4.5.0"
    lodash.isequal "^4.5.0"

readable-stream@~2.3.6:
  version "2.3.7"
  resolved "https://registry.yarnpkg.com/readable-stream/-/readable-stream-2.3.7.tgz#1eca1cf711aef814c04f62252a36a62f6cb23b57"
  integrity sha512-Ebho8K4jIbHAxnuxi7o42OrZgF/ZTNcsZj6nRKyUmkhLFq8CHItp/fy6hQZuZmP/n3yZ9VBUbp4zz/mX8hmYPw==
  dependencies:
    core-util-is "~1.0.0"
    inherits "~2.0.3"
    isarray "~1.0.0"
    process-nextick-args "~2.0.0"
    safe-buffer "~5.1.1"
    string_decoder "~1.1.1"
    util-deprecate "~1.0.1"

regenerator-runtime@^0.13.4:
  version "0.13.7"
  resolved "https://registry.yarnpkg.com/regenerator-runtime/-/regenerator-runtime-0.13.7.tgz#cac2dacc8a1ea675feaabaeb8ae833898ae46f55"
  integrity sha512-a54FxoJDIr27pgf7IgeQGxmqUNYrcV338lf/6gH456HZ/PhX+5BcwHXG9ajESmwe6WRO0tAzRUrRmNONWgkrew==

require-directory@^2.1.1:
  version "2.1.1"
  resolved "https://registry.yarnpkg.com/require-directory/-/require-directory-2.1.1.tgz#8c64ad5fd30dab1c976e2344ffe7f792a6a6df42"
  integrity sha1-jGStX9MNqxyXbiNE/+f3kqam30I=

require-main-filename@^2.0.0:
  version "2.0.0"
  resolved "https://registry.yarnpkg.com/require-main-filename/-/require-main-filename-2.0.0.tgz#d0b329ecc7cc0f61649f62215be69af54aa8989b"
  integrity sha512-NKN5kMDylKuldxYLSUfrbo5Tuzh4hd+2E8NPPX02mZtn1VuREQToYe/ZdlJy+J3uCpfaiGF05e7B8W0iXbQHmg==

rrule@2.6.6:
  version "2.6.6"
  resolved "https://registry.yarnpkg.com/rrule/-/rrule-2.6.6.tgz#70031727da4aa648ea0dcc524b6e95f565af063e"
  integrity sha512-h6tb/hRo9SNv8xKjcvsEfdmhXvElMXsU3Yz0KmqMehUqxP6a4Qjmth2EuL1FsjdawADjajLS0eBbWfsZzn3SIw==
  dependencies:
    tslib "^1.10.0"
  optionalDependencies:
    luxon "^1.21.3"

safe-buffer@~5.1.0, safe-buffer@~5.1.1:
  version "5.1.2"
  resolved "https://registry.yarnpkg.com/safe-buffer/-/safe-buffer-5.1.2.tgz#991ec69d296e0313747d59bdfd2b745c35f8828d"
  integrity sha512-Gd2UZBJDkXlY7GbJxfsE8/nvKkUEU1G38c1siN6QP6a9PT9MmHB8GnpscSmMJSoF8LOIrt8ud/wPtojys4G6+g==

set-blocking@^2.0.0:
  version "2.0.0"
  resolved "https://registry.yarnpkg.com/set-blocking/-/set-blocking-2.0.0.tgz#045f9782d011ae9a6803ddd382b24392b3d890f7"
  integrity sha1-BF+XgtARrppoA93TgrJDkrPYkPc=

set-immediate-shim@~1.0.1:
  version "1.0.1"
  resolved "https://registry.yarnpkg.com/set-immediate-shim/-/set-immediate-shim-1.0.1.tgz#4b2b1b27eb808a9f8dcc481a58e5e56f599f3f61"
  integrity sha1-SysbJ+uAip+NzEgaWOXlb1mfP2E=

showdown@^1.9.1:
  version "1.9.1"
  resolved "https://registry.yarnpkg.com/showdown/-/showdown-1.9.1.tgz#134e148e75cd4623e09c21b0511977d79b5ad0ef"
  integrity sha512-9cGuS382HcvExtf5AHk7Cb4pAeQQ+h0eTr33V1mu+crYWV4KvWAw6el92bDrqGEk5d46Ai/fhbEUwqJ/mTCNEA==
  dependencies:
    yargs "^14.2"

string-width@^3.0.0, string-width@^3.1.0:
  version "3.1.0"
  resolved "https://registry.yarnpkg.com/string-width/-/string-width-3.1.0.tgz#22767be21b62af1081574306f69ac51b62203961"
  integrity sha512-vafcv6KjVZKSgz06oM/H6GDBrAtz8vdhQakGjFIvNrHA6y3HCF1CInLy+QLq8dTJPQ1b+KDUqDFctkdRW44e1w==
  dependencies:
    emoji-regex "^7.0.1"
    is-fullwidth-code-point "^2.0.0"
    strip-ansi "^5.1.0"

string_decoder@~1.1.1:
  version "1.1.1"
  resolved "https://registry.yarnpkg.com/string_decoder/-/string_decoder-1.1.1.tgz#9cf1611ba62685d7030ae9e4ba34149c3af03fc8"
  integrity sha512-n/ShnvDi6FHbbVfviro+WojiFzv+s8MPMHBczVePfUpDJLwoLT0ht1l4YwBCbi8pJAveEEdnkHyPyTP/mzRfwg==
  dependencies:
    safe-buffer "~5.1.0"

strip-ansi@^5.0.0, strip-ansi@^5.1.0, strip-ansi@^5.2.0:
  version "5.2.0"
  resolved "https://registry.yarnpkg.com/strip-ansi/-/strip-ansi-5.2.0.tgz#8c9a536feb6afc962bdfa5b104a5091c1ad9c0ae"
  integrity sha512-DuRs1gKbBqsMKIZlrffwlug8MHkcnpjs5VPmL1PAh+mA30U0DTotfDZ0d2UUsXpPmPmMMJ6W773MaA3J+lbiWA==
  dependencies:
    ansi-regex "^4.1.0"

tslib@2.0.1:
  version "2.0.1"
  resolved "https://registry.yarnpkg.com/tslib/-/tslib-2.0.1.tgz#410eb0d113e5b6356490eec749603725b021b43e"
  integrity sha512-SgIkNheinmEBgx1IUNirK0TUD4X9yjjBRTqqjggWCU3pUEqIk3/Uwl3yRixYKT6WjQuGiwDv4NomL3wqRCj+CQ==

tslib@2.1.0:
  version "2.1.0"
  resolved "https://registry.yarnpkg.com/tslib/-/tslib-2.1.0.tgz#da60860f1c2ecaa5703ab7d39bc05b6bf988b97a"
  integrity sha512-hcVC3wYEziELGGmEEXue7D75zbwIIVUMWAVbHItGPx0ziyXxrOMQx4rQEVEV45Ut/1IotuEvwqPopzIOkDMf0A==

tslib@^1.10.0:
  version "1.14.1"
  resolved "https://registry.yarnpkg.com/tslib/-/tslib-1.14.1.tgz#cf2d38bdc34a134bcaf1091c41f6619e2f672d00"
  integrity sha512-Xni35NKzjgMrwevysHTCArtLDpPvye8zV/0E4EyYn43P7/7qvQwPh9BGkHewbMulVntbigmcT7rdX3BNo9wRJg==

turndown@^7.0.0:
  version "7.1.1"
  resolved "https://registry.yarnpkg.com/turndown/-/turndown-7.1.1.tgz#96992f2d9b40a1a03d3ea61ad31b5a5c751ef77f"
  integrity sha512-BEkXaWH7Wh7e9bd2QumhfAXk5g34+6QUmmWx+0q6ThaVOLuLUqsnkq35HQ5SBHSaxjSfSM7US5o4lhJNH7B9MA==
  dependencies:
    domino "^2.1.6"

util-deprecate@~1.0.1:
  version "1.0.2"
  resolved "https://registry.yarnpkg.com/util-deprecate/-/util-deprecate-1.0.2.tgz#450d4dc9fa70de732762fbd2d4a28981419a0ccf"
  integrity sha1-RQ1Nyfpw3nMnYvvS1KKJgUGaDM8=

which-module@^2.0.0:
  version "2.0.0"
  resolved "https://registry.yarnpkg.com/which-module/-/which-module-2.0.0.tgz#d9ef07dce77b9902b8a3a8fa4b31c3e3f7e6e87a"
  integrity sha1-2e8H3Od7mQK4o6j6SzHD4/fm6Ho=

wrap-ansi@^5.1.0:
  version "5.1.0"
  resolved "https://registry.yarnpkg.com/wrap-ansi/-/wrap-ansi-5.1.0.tgz#1fd1f67235d5b6d0fee781056001bfb694c03b09"
  integrity sha512-QC1/iN/2/RPVJ5jYK8BGttj5z83LmSKmvbvrXPNCLZSEb32KKVDJDl/MOt2N01qU2H/FkzEa9PKto1BqDjtd7Q==
  dependencies:
    ansi-styles "^3.2.0"
    string-width "^3.0.0"
    strip-ansi "^5.0.0"

y18n@^4.0.0:
  version "4.0.3"
  resolved "https://registry.yarnpkg.com/y18n/-/y18n-4.0.3.tgz#b5f259c82cd6e336921efd7bfd8bf560de9eeedf"
  integrity sha512-JKhqTOwSrqNA1NY5lSztJ1GrBiUodLMmIZuLiDaMRJ+itFd+ABVE8XBjOvIWL+rSqNDC74LCSFmlb/U4UZ4hJQ==

yargs-parser@^15.0.1:
  version "15.0.3"
  resolved "https://registry.yarnpkg.com/yargs-parser/-/yargs-parser-15.0.3.tgz#316e263d5febe8b38eef61ac092b33dfcc9b1115"
  integrity sha512-/MVEVjTXy/cGAjdtQf8dW3V9b97bPN7rNn8ETj6BmAQL7ibC7O1Q9SPJbGjgh3SlwoBNXMzj/ZGIj8mBgl12YA==
  dependencies:
    camelcase "^5.0.0"
    decamelize "^1.2.0"

yargs@^14.2:
  version "14.2.3"
  resolved "https://registry.yarnpkg.com/yargs/-/yargs-14.2.3.tgz#1a1c3edced1afb2a2fea33604bc6d1d8d688a414"
  integrity sha512-ZbotRWhF+lkjijC/VhmOT9wSgyBQ7+zr13+YLkhfsSiTriYsMzkTUFP18pFhWwBeMa5gUc1MzbhrO6/VB7c9Xg==
  dependencies:
    cliui "^5.0.0"
    decamelize "^1.2.0"
    find-up "^3.0.0"
    get-caller-file "^2.0.1"
    require-directory "^2.1.1"
    require-main-filename "^2.0.0"
    set-blocking "^2.0.0"
    string-width "^3.0.0"
    which-module "^2.0.0"
    y18n "^4.0.0"
    yargs-parser "^15.0.1"
